<?xml version="1.0" encoding="utf-8"?>
<Project ToolsVersion="4.0" xmlns="http://schemas.microsoft.com/developer/msbuild/2003">
  <ItemGroup>
    <Filter Include="1. Interface">
      <UniqueIdentifier>{f16ceded-09bb-48d1-aea8-a1595b8c522c}</UniqueIdentifier>
    </Filter>
    <Filter Include="2. Impl">
      <UniqueIdentifier>{93995380-89BD-4b04-88EB-625FBE52EBFB}</UniqueIdentifier>
      <Extensions>h;hh;hpp;hxx;h++;hm;inl;inc;ipp;xsd</Extensions>
    </Filter>
    <Filter Include="3. Fun">
      <UniqueIdentifier>{261a88f9-7a05-470f-9755-7dc9e8213f58}</UniqueIdentifier>
    </Filter>
    <Filter Include="4. VS">
      <UniqueIdentifier>{4FC737F1-C7A5-4376-A066-2A32D752A2FF}</UniqueIdentifier>
      <Extensions>cpp;c;cc;cxx;c++;cppm;ixx;def;odl;idl;hpj;bat;asm;asmx</Extensions>
    </Filter>
    <Filter Include="4. VS\资源文件">
      <UniqueIdentifier>{67DA6AB6-F800-4c08-8B7A-83BB121AAD01}</UniqueIdentifier>
      <Extensions>rc;ico;cur;bmp;dlg;rc2;rct;bin;rgs;gif;jpg;jpeg;jpe;resx;tiff;tif;png;wav;mfcribbon-ms</Extensions>
    </Filter>
    <Filter Include="2. Impl\Drv">
      <UniqueIdentifier>{32063886-e759-4d1d-8367-ae3567c9bb38}</UniqueIdentifier>
    </Filter>
  </ItemGroup>
  <ItemGroup>
    <ClInclude Include="MesImpl.h">
      <Filter>2. Impl</Filter>
    </ClInclude>
    <ClInclude Include="framework.h">
      <Filter>4. VS</Filter>
    </ClInclude>
    <ClInclude Include="StdAfx.h">
      <Filter>4. VS</Filter>
    </ClInclude>
    <ClInclude Include="..\..\Common\Tr\Tr.h">
      <Filter>3. Fun</Filter>
    </ClInclude>
    <ClInclude Include="..\..\Common\IncludeEx\IMes.h">
      <Filter>1. Interface</Filter>
    </ClInclude>
    <ClInclude Include="..\..\Common\Drv\MESDriver.h">
      <Filter>2. Impl\Drv</Filter>
    </ClInclude>
    <ClInclude Include="..\..\Common\Drv\MESDrvDef.h">
      <Filter>2. Impl\Drv</Filter>
    </ClInclude>
    <ClInclude Include="..\..\Common\Lock\CSimpleLock.h">
      <Filter>3. Fun</Filter>
    </ClInclude>
    <ClInclude Include="..\..\Common\Lock\CLocks.h">
      <Filter>3. Fun</Filter>
    </ClInclude>
    <ClInclude Include="UnisocMesHelper.h">
      <Filter>2. Impl</Filter>
    </ClInclude>
    <ClInclude Include="..\..\Common\CheckAlgo\MD5Algo.h">
      <Filter>3. Fun</Filter>
    </ClInclude>
    <ClInclude Include="resource.h">
      <Filter>4. VS</Filter>
    </ClInclude>
  </ItemGroup>
  <ItemGroup>
    <ClCompile Include="MesImpl.cpp">
      <Filter>2. Impl</Filter>
    </ClCompile>
    <ClCompile Include="MesLib.cpp">
      <Filter>1. Interface</Filter>
    </ClCompile>
    <ClCompile Include="StdAfx.cpp">
      <Filter>4. VS</Filter>
    </ClCompile>
    <ClCompile Include="..\..\Common\Tr\Tr.cpp">
      <Filter>3. Fun</Filter>
    </ClCompile>
    <ClCompile Include="..\..\Common\Drv\MESDriver.cpp">
      <Filter>2. Impl\Drv</Filter>
    </ClCompile>
    <ClCompile Include="..\..\Common\Lock\CSimpleLock.cpp">
      <Filter>3. Fun</Filter>
    </ClCompile>
    <ClCompile Include="..\..\Common\Lock\CLocks.cpp">
      <Filter>3. Fun</Filter>
    </ClCompile>
    <ClCompile Include="UnisocMesHelper.cpp">
      <Filter>2. Impl</Filter>
    </ClCompile>
    <ClCompile Include="..\..\Common\CheckAlgo\MD5Algo.cpp">
      <Filter>3. Fun</Filter>
    </ClCompile>
  </ItemGroup>
  <ItemGroup>
    <ResourceCompile Include="MesLib.rc">
      <Filter>4. VS\资源文件</Filter>
    </ResourceCompile>
  </ItemGroup>
</Project>